
Microsoft Visual Studio Solution File, Format Version 12.00
# Visual Studio Version 17
VisualStudioVersion = 17.12.35707.178 d17.12
MinimumVisualStudioVersion = 10.0.40219.1
Project("{FAE04EC0-301F-11D3-BF4B-00C04F79EFBC}") = "InClass 2025-4-8", "InClass 2025-4-8.csproj", "{DE139B82-9BCF-4DB6-A0D2-BF15FCF69D55}"
EndProject
Global
	GlobalSection(SolutionConfigurationPlatforms) = preSolution
		Debug|Any CPU = Debug|Any CPU
		Release|Any CPU = Release|Any CPU
	EndGlobalSection
	GlobalSection(ProjectConfigurationPlatforms) = postSolution
		{DE139B82-9BCF-4DB6-A0D2-BF15FCF69D55}.Debug|Any CPU.ActiveCfg = Debug|Any CPU
		{DE139B82-9BCF-4DB6-A0D2-BF15FCF69D55}.Debug|Any CPU.Build.0 = Debug|Any CPU
		{DE139B82-9BCF-4DB6-A0D2-BF15FCF69D55}.Release|Any CPU.ActiveCfg = Release|Any CPU
		{DE139B82-9BCF-4DB6-A0D2-BF15FCF69D55}.Release|Any CPU.Build.0 = Release|Any CPU
	EndGlobalSection
	GlobalSection(SolutionProperties) = preSolution
		HideSolutionNode = FALSE
	EndGlobalSection
EndGlobal
